
Microsoft Visual Studio Solution File, Format Version 12.00
# Visual Studio Express 2012 for Windows Desktop
Project("{FAE04EC0-301F-11D3-BF4B-00C04F79EFBC}") = "assign1", "assign1.csproj", "{675854DE-2EB6-4FDA-BE6A-D24405633E1D}"
EndProject
Project("{FAE04EC0-301F-11D3-BF4B-00C04F79EFBC}") = "assign1_2", "..\..\assign1_2\assign1_2\assign1_2.csproj", "{828702FA-5E13-40DF-9782-D22D1A7E1CC1}"
EndProject
Project("{FAE04EC0-301F-11D3-BF4B-00C04F79EFBC}") = "assign2_1", "..\..\assign2_1\assign2_1.csproj", "{44DCC1D5-4172-428F-B932-587DBEE8400E}"
EndProject
Project("{FAE04EC0-301F-11D3-BF4B-00C04F79EFBC}") = "assign2_2", "..\..\assign2_2\assign2_2.csproj", "{542FD163-2394-47D1-8583-188D1F2F91B9}"
EndProject
Project("{FAE04EC0-301F-11D3-BF4B-00C04F79EFBC}") = "assign3", "..\..\assign3\assign3.csproj", "{49CED804-437C-4DBC-8E56-4A36B06C994B}"
EndProject
Project("{FAE04EC0-301F-11D3-BF4B-00C04F79EFBC}") = "assign5", "..\..\assign5\assign5\assign5.csproj", "{4862ED71-6A49-4834-932E-EC0600D8F269}"
EndProject
Project("{FAE04EC0-301F-11D3-BF4B-00C04F79EFBC}") = "assign6", "..\..\assign6\assign6\assign6.csproj", "{476076F7-A857-43ED-A428-00004E90FD50}"
EndProject
Project("{FAE04EC0-301F-11D3-BF4B-00C04F79EFBC}") = "assign4", "..\..\assign4\assign4\assign4.csproj", "{A4B8C2C0-C5D7-4A2F-A263-2928F1DC6974}"
EndProject
Global
	GlobalSection(SolutionConfigurationPlatforms) = preSolution
		Debug|Any CPU = Debug|Any CPU
		Release|Any CPU = Release|Any CPU
	EndGlobalSection
	GlobalSection(ProjectConfigurationPlatforms) = postSolution
		{675854DE-2EB6-4FDA-BE6A-D24405633E1D}.Debug|Any CPU.ActiveCfg = Debug|Any CPU
		{675854DE-2EB6-4FDA-BE6A-D24405633E1D}.Debug|Any CPU.Build.0 = Debug|Any CPU
		{675854DE-2EB6-4FDA-BE6A-D24405633E1D}.Release|Any CPU.ActiveCfg = Release|Any CPU
		{675854DE-2EB6-4FDA-BE6A-D24405633E1D}.Release|Any CPU.Build.0 = Release|Any CPU
		{828702FA-5E13-40DF-9782-D22D1A7E1CC1}.Debug|Any CPU.ActiveCfg = Debug|Any CPU
		{828702FA-5E13-40DF-9782-D22D1A7E1CC1}.Debug|Any CPU.Build.0 = Debug|Any CPU
		{828702FA-5E13-40DF-9782-D22D1A7E1CC1}.Release|Any CPU.ActiveCfg = Release|Any CPU
		{828702FA-5E13-40DF-9782-D22D1A7E1CC1}.Release|Any CPU.Build.0 = Release|Any CPU
		{44DCC1D5-4172-428F-B932-587DBEE8400E}.Debug|Any CPU.ActiveCfg = Debug|Any CPU
		{44DCC1D5-4172-428F-B932-587DBEE8400E}.Debug|Any CPU.Build.0 = Debug|Any CPU
		{44DCC1D5-4172-428F-B932-587DBEE8400E}.Release|Any CPU.ActiveCfg = Release|Any CPU
		{44DCC1D5-4172-428F-B932-587DBEE8400E}.Release|Any CPU.Build.0 = Release|Any CPU
		{542FD163-2394-47D1-8583-188D1F2F91B9}.Debug|Any CPU.ActiveCfg = Debug|Any CPU
		{542FD163-2394-47D1-8583-188D1F2F91B9}.Debug|Any CPU.Build.0 = Debug|Any CPU
		{542FD163-2394-47D1-8583-188D1F2F91B9}.Release|Any CPU.ActiveCfg = Release|Any CPU
		{542FD163-2394-47D1-8583-188D1F2F91B9}.Release|Any CPU.Build.0 = Release|Any CPU
		{49CED804-437C-4DBC-8E56-4A36B06C994B}.Debug|Any CPU.ActiveCfg = Debug|Any CPU
		{49CED804-437C-4DBC-8E56-4A36B06C994B}.Debug|Any CPU.Build.0 = Debug|Any CPU
		{49CED804-437C-4DBC-8E56-4A36B06C994B}.Release|Any CPU.ActiveCfg = Release|Any CPU
		{49CED804-437C-4DBC-8E56-4A36B06C994B}.Release|Any CPU.Build.0 = Release|Any CPU
		{4862ED71-6A49-4834-932E-EC0600D8F269}.Debug|Any CPU.ActiveCfg = Debug|Any CPU
		{4862ED71-6A49-4834-932E-EC0600D8F269}.Debug|Any CPU.Build.0 = Debug|Any CPU
		{4862ED71-6A49-4834-932E-EC0600D8F269}.Release|Any CPU.ActiveCfg = Release|Any CPU
		{4862ED71-6A49-4834-932E-EC0600D8F269}.Release|Any CPU.Build.0 = Release|Any CPU
		{476076F7-A857-43ED-A428-00004E90FD50}.Debug|Any CPU.ActiveCfg = Debug|Any CPU
		{476076F7-A857-43ED-A428-00004E90FD50}.Debug|Any CPU.Build.0 = Debug|Any CPU
		{476076F7-A857-43ED-A428-00004E90FD50}.Release|Any CPU.ActiveCfg = Release|Any CPU
		{476076F7-A857-43ED-A428-00004E90FD50}.Release|Any CPU.Build.0 = Release|Any CPU
		{A4B8C2C0-C5D7-4A2F-A263-2928F1DC6974}.Debug|Any CPU.ActiveCfg = Debug|Any CPU
		{A4B8C2C0-C5D7-4A2F-A263-2928F1DC6974}.Debug|Any CPU.Build.0 = Debug|Any CPU
		{A4B8C2C0-C5D7-4A2F-A263-2928F1DC6974}.Release|Any CPU.ActiveCfg = Release|Any CPU
		{A4B8C2C0-C5D7-4A2F-A263-2928F1DC6974}.Release|Any CPU.Build.0 = Release|Any CPU
	EndGlobalSection
	GlobalSection(SolutionProperties) = preSolution
		HideSolutionNode = FALSE
	EndGlobalSection
EndGlobal
